// !$*UTF8*$!
{
	archiveVersion = 1;
	classes = {
	};
	objectVersion = 50;
	objects = {

/* Begin PBXBuildFile section */
		6186011F23646BD9002C5F82 /* AppDelegate.swift in Sources */ = {isa = PBXBuildFile; fileRef = 6186011E23646BD9002C5F82 /* AppDelegate.swift */; };
		6186012123646BD9002C5F82 /* SceneDelegate.swift in Sources */ = {isa = PBXBuildFile; fileRef = 6186012023646BD9002C5F82 /* SceneDelegate.swift */; };
		6186012323646BD9002C5F82 /* ViewController.swift in Sources */ = {isa = PBXBuildFile; fileRef = 6186012223646BD9002C5F82 /* ViewController.swift */; };
		6186012623646BD9002C5F82 /* Main.storyboard in Resources */ = {isa = PBXBuildFile; fileRef = 6186012423646BD9002C5F82 /* Main.storyboard */; };
		6186012923646BD9002C5F82 /* moscow_products.xcdatamodeld in Sources */ = {isa = PBXBuildFile; fileRef = 6186012723646BD9002C5F82 /* moscow_products.xcdatamodeld */; };
		6186012B23646BDC002C5F82 /* Assets.xcassets in Resources */ = {isa = PBXBuildFile; fileRef = 6186012A23646BDC002C5F82 /* Assets.xcassets */; };
		6186012E23646BDC002C5F82 /* LaunchScreen.storyboard in Resources */ = {isa = PBXBuildFile; fileRef = 6186012C23646BDC002C5F82 /* LaunchScreen.storyboard */; };
		6186013623646FAC002C5F82 /* dishes_typesCollectionViewCell.swift in Sources */ = {isa = PBXBuildFile; fileRef = 6186013523646FAC002C5F82 /* dishes_typesCollectionViewCell.swift */; };
/* End PBXBuildFile section */

/* Begin PBXFileReference section */
		6186011B23646BD9002C5F82 /* moscow_products.app */ = {isa = PBXFileReference; explicitFileType = wrapper.application; includeInIndex = 0; path = moscow_products.app; sourceTree = BUILT_PRODUCTS_DIR; };
		6186011E23646BD9002C5F82 /* AppDelegate.swift */ = {isa = PBXFileReference; lastKnownFileType = sourcecode.swift; path = AppDelegate.swift; sourceTree = "<group>"; };
		6186012023646BD9002C5F82 /* SceneDelegate.swift */ = {isa = PBXFileReference; lastKnownFileType = sourcecode.swift; path = SceneDelegate.swift; sourceTree = "<group>"; };
		6186012223646BD9002C5F82 /* ViewController.swift */ = {isa = PBXFileReference; lastKnownFileType = sourcecode.swift; path = ViewController.swift; sourceTree = "<group>"; };
		6186012523646BD9002C5F82 /* Base */ = {isa = PBXFileReference; lastKnownFileType = file.storyboard; name = Base; path = Base.lproj/Main.storyboard; sourceTree = "<group>"; };
		6186012823646BD9002C5F82 /* moscow_products.xcdatamodel */ = {isa = PBXFileReference; lastKnownFileType = wrapper.xcdatamodel; path = moscow_products.xcdatamodel; sourceTree = "<group>"; };
		6186012A23646BDC002C5F82 /* Assets.xcassets */ = {isa = PBXFileReference; lastKnownFileType = folder.assetcatalog; path = Assets.xcassets; sourceTree = "<group>"; };
		6186012D23646BDC002C5F82 /* Base */ = {isa = PBXFileReference; lastKnownFileType = file.storyboard; name = Base; path = Base.lproj/LaunchScreen.storyboard; sourceTree = "<group>"; };
		6186012F23646BDC002C5F82 /* Info.plist */ = {isa = PBXFileReference; lastKnownFileType = text.plist.xml; path = Info.plist; sourceTree = "<group>"; };
		6186013523646FAC002C5F82 /* dishes_typesCollectionViewCell.swift */ = {isa = PBXFileReference; lastKnownFileType = sourcecode.swift; path = dishes_typesCollectionViewCell.swift; sourceTree = "<group>"; };
/* End PBXFileReference section */

/* Begin PBXFrameworksBuildPhase section */
		6186011823646BD9002C5F82 /* Frameworks */ = {
			isa = PBXFrameworksBuildPhase;
			buildActionMask = 2147483647;
			files = (
			);
			runOnlyForDeploymentPostprocessing = 0;
		};
/* End PBXFrameworksBuildPhase section */

/* Begin PBXGroup section */
		6186011223646BD9002C5F82 = {
			isa = PBXGroup;
			children = (
				6186011D23646BD9002C5F82 /* moscow_products */,
				6186011C23646BD9002C5F82 /* Products */,
			);
			sourceTree = "<group>";
		};
		6186011C23646BD9002C5F82 /* Products */ = {
			isa = PBXGroup;
			children = (
				6186011B23646BD9002C5F82 /* moscow_products.app */,
			);
			name = Products;
			sourceTree = "<group>";
		};
		6186011D23646BD9002C5F82 /* moscow_products */ = {
			isa = PBXGroup;
			children = (
				6186011E23646BD9002C5F82 /* AppDelegate.swift */,
				6186012023646BD9002C5F82 /* SceneDelegate.swift */,
				6186012223646BD9002C5F82 /* ViewController.swift */,
				6186012423646BD9002C5F82 /* Main.storyboard */,
				6186013523646FAC002C5F82 /* dishes_typesCollectionViewCell.swift */,
				6186012A23646BDC002C5F82 /* Assets.xcassets */,
				6186012C23646BDC002C5F82 /* LaunchScreen.storyboard */,
				6186012F23646BDC002C5F82 /* Info.plist */,
				6186012723646BD9002C5F82 /* moscow_products.xcdatamodeld */,
			);
			path = moscow_products;
			sourceTree = "<group>";
		};
/* End PBXGroup section */

/* Begin PBXNativeTarget section */
		6186011A23646BD9002C5F82 /* moscow_products */ = {
			isa = PBXNativeTarget;
			buildConfigurationList = 6186013223646BDC002C5F82 /* Build configuration list for PBXNativeTarget "moscow_products" */;
			buildPhases = (
				6186011723646BD9002C5F82 /* Sources */,
				6186011823646BD9002C5F82 /* Frameworks */,
				6186011923646BD9002C5F82 /* Resources */,
			);
			buildRules = (
			);
			dependencies = (
			);
			name = moscow_products;
			productName = moscow_products;
			productReference = 6186011B23646BD9002C5F82 /* moscow_products.app */;
			productType = "com.apple.product-type.application";
		};
/* End PBXNativeTarget section */

/* Begin PBXProject section */
		6186011323646BD9002C5F82 /* Project object */ = {
			isa = PBXProject;
			attributes = {
				LastSwiftUpdateCheck = 1100;
				LastUpgradeCheck = 1100;
				ORGANIZATIONNAME = "Днепров Данила";
				TargetAttributes = {
					6186011A23646BD9002C5F82 = {
						CreatedOnToolsVersion = 11.0;
					};
				};
			};
			buildConfigurationList = 6186011623646BD9002C5F82 /* Build configuration list for PBXProject "moscow_products" */;
			compatibilityVersion = "Xcode 9.3";
			developmentRegion = en;
			hasScannedForEncodings = 0;
			knownRegions = (
				en,
				Base,
			);
			mainGroup = 6186011223646BD9002C5F82;
			productRefGroup = 6186011C23646BD9002C5F82 /* Products */;
			projectDirPath = "";
			projectRoot = "";
			targets = (
				6186011A23646BD9002C5F82 /* moscow_products */,
			);
		};
/* End PBXProject section */

/* Begin PBXResourcesBuildPhase section */
		6186011923646BD9002C5F82 /* Resources */ = {
			isa = PBXResourcesBuildPhase;
			buildActionMask = 2147483647;
			files = (
				6186012E23646BDC002C5F82 /* LaunchScreen.storyboard in Resources */,
				6186012B23646BDC002C5F82 /* Assets.xcassets in Resources */,
				6186012623646BD9002C5F82 /* Main.storyboard in Resources */,
			);
			runOnlyForDeploymentPostprocessing = 0;
		};
/* End PBXResourcesBuildPhase section */

/* Begin PBXSourcesBuildPhase section */
		6186011723646BD9002C5F82 /* Sources */ = {
			isa = PBXSourcesBuildPhase;
			buildActionMask = 2147483647;
			files = (
				6186012323646BD9002C5F82 /* ViewController.swift in Sources */,
				6186013623646FAC002C5F82 /* dishes_typesCollectionViewCell.swift in Sources */,
				6186011F23646BD9002C5F82 /* AppDelegate.swift in Sources */,
				6186012123646BD9002C5F82 /* SceneDelegate.swift in Sources */,
				6186012923646BD9002C5F82 /* moscow_products.xcdatamodeld in Sources */,
			);
			runOnlyForDeploymentPostprocessing = 0;
		};
/* End PBXSourcesBuildPhase section */

/* Begin PBXVariantGroup section */
		6186012423646BD9002C5F82 /* Main.storyboard */ = {
			isa = PBXVariantGroup;
			children = (
				6186012523646BD9002C5F82 /* Base */,
			);
			name = Main.storyboard;
			sourceTree = "<group>";
		};
		6186012C23646BDC002C5F82 /* LaunchScreen.storyboard */ = {
			isa = PBXVariantGroup;
			children = (
				6186012D23646BDC002C5F82 /* Base */,
			);
			name = LaunchScreen.storyboard;
			sourceTree = "<group>";
		};
/* End PBXVariantGroup section */

/* Begin XCBuildConfiguration section */
		6186013023646BDC002C5F82 /* Debug */ = {
			isa = XCBuildConfiguration;
			buildSettings = {
				ALWAYS_SEARCH_USER_PATHS = NO;
				CLANG_ANALYZER_NONNULL = YES;
				CLANG_ANALYZER_NUMBER_OBJECT_CONVERSION = YES_AGGRESSIVE;
				CLANG_CXX_LANGUAGE_STANDARD = "gnu++14";
				CLANG_CXX_LIBRARY = "libc++";
				CLANG_ENABLE_MODULES = YES;
				CLANG_ENABLE_OBJC_ARC = YES;
				CLANG_ENABLE_OBJC_WEAK = YES;
				CLANG_WARN_BLOCK_CAPTURE_AUTORELEASING = YES;
				CLANG_WARN_BOOL_CONVERSION = YES;
				CLANG_WARN_COMMA = YES;
				CLANG_WARN_CONSTANT_CONVERSION = YES;
				CLANG_WARN_DEPRECATED_OBJC_IMPLEMENTATIONS = YES;
				CLANG_WARN_DIRECT_OBJC_ISA_USAGE = YES_ERROR;
				CLANG_WARN_DOCUMENTATION_COMMENTS = YES;
				CLANG_WARN_EMPTY_BODY = YES;
				CLANG_WARN_ENUM_CONVERSION = YES;
				CLANG_WARN_INFINITE_RECURSION = YES;
				CLANG_WARN_INT_CONVERSION = YES;
				CLANG_WARN_NON_LITERAL_NULL_CONVERSION = YES;
				CLANG_WARN_OBJC_IMPLICIT_RETAIN_SELF = YES;
				CLANG_WARN_OBJC_LITERAL_CONVERSION = YES;
				CLANG_WARN_OBJC_ROOT_CLASS = YES_ERROR;
				CLANG_WARN_RANGE_LOOP_ANALYSIS = YES;
				CLANG_WARN_STRICT_PROTOTYPES = YES;
				CLANG_WARN_SUSPICIOUS_MOVE = YES;
				CLANG_WARN_UNGUARDED_AVAILABILITY = YES_AGGRESSIVE;
				CLANG_WARN_UNREACHABLE_CODE = YES;
				CLANG_WARN__DUPLICATE_METHOD_MATCH = YES;
				COPY_PHASE_STRIP = NO;
				DEBUG_INFORMATION_FORMAT = dwarf;
				ENABLE_STRICT_OBJC_MSGSEND = YES;
				ENABLE_TESTABILITY = YES;
				GCC_C_LANGUAGE_STANDARD = gnu11;
				GCC_DYNAMIC_NO_PIC = NO;
				GCC_NO_COMMON_BLOCKS = YES;
				GCC_OPTIMIZATION_LEVEL = 0;
				GCC_PREPROCESSOR_DEFINITIONS = (
					"DEBUG=1",
					"$(inherited)",
				);
				GCC_WARN_64_TO_32_BIT_CONVERSION = YES;
				GCC_WARN_ABOUT_RETURN_TYPE = YES_ERROR;
				GCC_WARN_UNDECLARED_SELECTOR = YES;
				GCC_WARN_UNINITIALIZED_AUTOS = YES_AGGRESSIVE;
				GCC_WARN_UNUSED_FUNCTION = YES;
				GCC_WARN_UNUSED_VARIABLE = YES;
				IPHONEOS_DEPLOYMENT_TARGET = 13.0;
				MTL_ENABLE_DEBUG_INFO = INCLUDE_SOURCE;
				MTL_FAST_MATH = YES;
				ONLY_ACTIVE_ARCH = YES;
				SDKROOT = iphoneos;
				SWIFT_ACTIVE_COMPILATION_CONDITIONS = DEBUG;
				SWIFT_OPTIMIZATION_LEVEL = "-Onone";
			};
			name = Debug;
		};
		6186013123646BDC002C5F82 /* Release */ = {
			isa = XCBuildConfiguration;
			buildSettings = {
				ALWAYS_SEARCH_USER_PATHS = NO;
				CLANG_ANALYZER_NONNULL = YES;
				CLANG_ANALYZER_NUMBER_OBJECT_CONVERSION = YES_AGGRESSIVE;
				CLANG_CXX_LANGUAGE_STANDARD = "gnu++14";
				CLANG_CXX_LIBRARY = "libc++";
				CLANG_ENABLE_MODULES = YES;
				CLANG_ENABLE_OBJC_ARC = YES;
				CLANG_ENABLE_OBJC_WEAK = YES;
				CLANG_WARN_BLOCK_CAPTURE_AUTORELEASING = YES;
				CLANG_WARN_BOOL_CONVERSION = YES;
				CLANG_WARN_COMMA = YES;
				CLANG_WARN_CONSTANT_CONVERSION = YES;
				CLANG_WARN_DEPRECATED_OBJC_IMPLEMENTATIONS = YES;
				CLANG_WARN_DIRECT_OBJC_ISA_USAGE = YES_ERROR;
				CLANG_WARN_DOCUMENTATION_COMMENTS = YES;
				CLANG_WARN_EMPTY_BODY = YES;
				CLANG_WARN_ENUM_CONVERSION = YES;
				CLANG_WARN_INFINITE_RECURSION = YES;
				CLANG_WARN_INT_CONVERSION = YES;
				CLANG_WARN_NON_LITERAL_NULL_CONVERSION = YES;
				CLANG_WARN_OBJC_IMPLICIT_RETAIN_SELF = YES;
				CLANG_WARN_OBJC_LITERAL_CONVERSION = YES;
				CLANG_WARN_OBJC_ROOT_CLASS = YES_ERROR;
				CLANG_WARN_RANGE_LOOP_ANALYSIS = YES;
				CLANG_WARN_STRICT_PROTOTYPES = YES;
				CLANG_WARN_SUSPICIOUS_MOVE = YES;
				CLANG_WARN_UNGUARDED_AVAILABILITY = YES_AGGRESSIVE;
				CLANG_WARN_UNREACHABLE_CODE = YES;
				CLANG_WARN__DUPLICATE_METHOD_MATCH = YES;
				COPY_PHASE_STRIP = NO;
				DEBUG_INFORMATION_FORMAT = "dwarf-with-dsym";
				ENABLE_NS_ASSERTIONS = NO;
				ENABLE_STRICT_OBJC_MSGSEND = YES;
				GCC_C_LANGUAGE_STANDARD = gnu11;
				GCC_NO_COMMON_BLOCKS = YES;
				GCC_WARN_64_TO_32_BIT_CONVERSION = YES;
				GCC_WARN_ABOUT_RETURN_TYPE = YES_ERROR;
				GCC_WARN_UNDECLARED_SELECTOR = YES;
				GCC_WARN_UNINITIALIZED_AUTOS = YES_AGGRESSIVE;
				GCC_WARN_UNUSED_FUNCTION = YES;
				GCC_WARN_UNUSED_VARIABLE = YES;
				IPHONEOS_DEPLOYMENT_TARGET = 13.0;
				MTL_ENABLE_DEBUG_INFO = NO;
				MTL_FAST_MATH = YES;
				SDKROOT = iphoneos;
				SWIFT_COMPILATION_MODE = wholemodule;
				SWIFT_OPTIMIZATION_LEVEL = "-O";
				VALIDATE_PRODUCT = YES;
			};
			name = Release;
		};
		6186013323646BDC002C5F82 /* Debug */ = {
			isa = XCBuildConfiguration;
			buildSettings = {
				ASSETCATALOG_COMPILER_APPICON_NAME = AppIcon;
				CODE_SIGN_STYLE = Automatic;
				DEVELOPMENT_TEAM = 4Q7A7HNBLJ;
				INFOPLIST_FILE = moscow_products/Info.plist;
				LD_RUNPATH_SEARCH_PATHS = (
					"$(inherited)",
					"@executable_path/Frameworks",
				);
				PRODUCT_BUNDLE_IDENTIFIER = "no.moscow-products";
				PRODUCT_NAME = "$(TARGET_NAME)";
				SWIFT_VERSION = 5.0;
				TARGETED_DEVICE_FAMILY = "1,2";
			};
			name = Debug;
		};
		6186013423646BDC002C5F82 /* Release */ = {
			isa = XCBuildConfiguration;
			buildSettings = {
				ASSETCATALOG_COMPILER_APPICON_NAME = AppIcon;
				CODE_SIGN_STYLE = Automatic;
				DEVELOPMENT_TEAM = 4Q7A7HNBLJ;
				INFOPLIST_FILE = moscow_products/Info.plist;
				LD_RUNPATH_SEARCH_PATHS = (
					"$(inherited)",
					"@executable_path/Frameworks",
				);
				PRODUCT_BUNDLE_IDENTIFIER = "no.moscow-products";
				PRODUCT_NAME = "$(TARGET_NAME)";
				SWIFT_VERSION = 5.0;
				TARGETED_DEVICE_FAMILY = "1,2";
			};
			name = Release;
		};
/* End XCBuildConfiguration section */

/* Begin XCConfigurationList section */
		6186011623646BD9002C5F82 /* Build configuration list for PBXProject "moscow_products" */ = {
			isa = XCConfigurationList;
			buildConfigurations = (
				6186013023646BDC002C5F82 /* Debug */,
				6186013123646BDC002C5F82 /* Release */,
			);
			defaultConfigurationIsVisible = 0;
			defaultConfigurationName = Release;
		};
		6186013223646BDC002C5F82 /* Build configuration list for PBXNativeTarget "moscow_products" */ = {
			isa = XCConfigurationList;
			buildConfigurations = (
				6186013323646BDC002C5F82 /* Debug */,
				6186013423646BDC002C5F82 /* Release */,
			);
			defaultConfigurationIsVisible = 0;
			defaultConfigurationName = Release;
		};
/* End XCConfigurationList section */

/* Begin XCVersionGroup section */
		6186012723646BD9002C5F82 /* moscow_products.xcdatamodeld */ = {
			isa = XCVersionGroup;
			children = (
				6186012823646BD9002C5F82 /* moscow_products.xcdatamodel */,
			);
			currentVersion = 6186012823646BD9002C5F82 /* moscow_products.xcdatamodel */;
			path = moscow_products.xcdatamodeld;
			sourceTree = "<group>";
			versionGroupType = wrapper.xcdatamodel;
		};
/* End XCVersionGroup section */
	};
	rootObject = 6186011323646BD9002C5F82 /* Project object */;
}
